
Microsoft Visual Studio Solution File, Format Version 12.00
# Visual Studio Version 16
VisualStudioVersion = 16.0.31624.102
MinimumVisualStudioVersion = 10.0.40219.1
Project("{FAE04EC0-301F-11D3-BF4B-00C04F79EFBC}") = "quotient nd remainder", "quotient nd remainder.csproj", "{08DC80F2-20CC-4CE8-A3CB-A299512F06F5}"
EndProject
Global
	GlobalSection(SolutionConfigurationPlatforms) = preSolution
		Debug|Any CPU = Debug|Any CPU
		Release|Any CPU = Release|Any CPU
	EndGlobalSection
	GlobalSection(ProjectConfigurationPlatforms) = postSolution
		{08DC80F2-20CC-4CE8-A3CB-A299512F06F5}.Debug|Any CPU.ActiveCfg = Debug|Any CPU
		{08DC80F2-20CC-4CE8-A3CB-A299512F06F5}.Debug|Any CPU.Build.0 = Debug|Any CPU
		{08DC80F2-20CC-4CE8-A3CB-A299512F06F5}.Release|Any CPU.ActiveCfg = Release|Any CPU
		{08DC80F2-20CC-4CE8-A3CB-A299512F06F5}.Release|Any CPU.Build.0 = Release|Any CPU
	EndGlobalSection
	GlobalSection(SolutionProperties) = preSolution
		HideSolutionNode = FALSE
	EndGlobalSection
	GlobalSection(ExtensibilityGlobals) = postSolution
		SolutionGuid = {F36CF60A-9FF7-45E0-8669-815BFF924B55}
	EndGlobalSection
EndGlobal
